{
  "version": "5",
  "specifiers": {
    "npm:@codemirror/autocomplete@6.18.6": "6.18.6",
    "npm:@codemirror/commands@6.8.1": "6.8.1",
    "npm:@codemirror/lang-cpp@latest": "6.0.3",
    "npm:@codemirror/lang-css@latest": "6.3.1",
    "npm:@codemirror/lang-html@latest": "6.4.9",
    "npm:@codemirror/lang-java@latest": "6.0.2",
    "npm:@codemirror/lang-javascript@6.2.3": "6.2.3",
    "npm:@codemirror/lang-json@latest": "6.0.2",
    "npm:@codemirror/lang-lezer@latest": "6.0.2",
    "npm:@codemirror/lang-markdown@latest": "6.3.3",
    "npm:@codemirror/lang-php@latest": "6.0.2",
    "npm:@codemirror/lang-python@latest": "6.2.1",
    "npm:@codemirror/lang-rust@latest": "6.0.2",
    "npm:@codemirror/lang-sql@latest": "6.9.0",
    "npm:@codemirror/lang-wast@latest": "6.0.2",
    "npm:@codemirror/lang-xml@latest": "6.1.0",
    "npm:@codemirror/language@6.11.0": "6.11.0",
    "npm:@codemirror/legacy-modes@6.5.0": "6.5.0",
    "npm:@codemirror/search@6.5.10": "6.5.10",
    "npm:@codemirror/state@6.5.2": "6.5.2",
    "npm:@codemirror/view@6.38.1": "6.38.1",
    "npm:lib0@0.2.109": "0.2.109",
    "npm:markdown-it@14.1.0": "14.1.0",
    "npm:prosemirror-model@1.25.1": "1.25.1",
    "npm:prosemirror-model@latest": "1.25.2",
    "npm:prosemirror-state@1.4.3": "1.4.3",
    "npm:prosemirror-state@latest": "1.4.3",
    "npm:prosemirror-transform@1.10.4": "1.10.4",
    "npm:prosemirror-view@1.40.0": "1.40.0",
    "npm:thememirror@2.0.1": "2.0.1_@codemirror+language@6.11.0_@codemirror+state@6.5.2_@codemirror+view@6.38.1",
    "npm:y-protocols@1.0.6": "1.0.6_yjs@13.6.24",
    "npm:y-websocket@2.1.0": "2.1.0_yjs@13.6.24",
    "npm:yjs@13.6.24": "13.6.24"
  },
  "npm": {
    "@codemirror/autocomplete@6.18.6": {
      "integrity": "sha512-PHHBXFomUs5DF+9tCOM/UoW6XQ4R44lLNNhRaW9PKPTU0D7lIjRg3ElxaJnTwsl/oHiR93WSXDBrekhoUGCPtg==",
      "dependencies": [
        "@codemirror/language",
        "@codemirror/state",
        "@codemirror/view",
        "@lezer/common"
      ]
    },
    "@codemirror/commands@6.8.1": {
      "integrity": "sha512-KlGVYufHMQzxbdQONiLyGQDUW0itrLZwq3CcY7xpv9ZLRHqzkBSoteocBHtMCoY7/Ci4xhzSrToIeLg7FxHuaw==",
      "dependencies": [
        "@codemirror/language",
        "@codemirror/state",
        "@codemirror/view",
        "@lezer/common"
      ]
    },
    "@codemirror/lang-cpp@6.0.3": {
      "integrity": "sha512-URM26M3vunFFn9/sm6rzqrBzDgfWuDixp85uTY49wKudToc2jTHUrKIGGKs+QWND+YLofNNZpxcNGRynFJfvgA==",
      "dependencies": [
        "@codemirror/language",
        "@lezer/cpp"
      ]
    },
    "@codemirror/lang-css@6.3.1": {
      "integrity": "sha512-kr5fwBGiGtmz6l0LSJIbno9QrifNMUusivHbnA1H6Dmqy4HZFte3UAICix1VuKo0lMPKQr2rqB+0BkKi/S3Ejg==",
      "dependencies": [
        "@codemirror/autocomplete",
        "@codemirror/language",
        "@codemirror/state",
        "@lezer/common",
        "@lezer/css"
      ]
    },
    "@codemirror/lang-html@6.4.9": {
      "integrity": "sha512-aQv37pIMSlueybId/2PVSP6NPnmurFDVmZwzc7jszd2KAF8qd4VBbvNYPXWQq90WIARjsdVkPbw29pszmHws3Q==",
      "dependencies": [
        "@codemirror/autocomplete",
        "@codemirror/lang-css",
        "@codemirror/lang-javascript@6.2.4",
        "@codemirror/language",
        "@codemirror/state",
        "@codemirror/view",
        "@lezer/common",
        "@lezer/css",
        "@lezer/html"
      ]
    },
    "@codemirror/lang-java@6.0.2": {
      "integrity": "sha512-m5Nt1mQ/cznJY7tMfQTJchmrjdjQ71IDs+55d1GAa8DGaB8JXWsVCkVT284C3RTASaY43YknrK2X3hPO/J3MOQ==",
      "dependencies": [
        "@codemirror/language",
        "@lezer/java"
      ]
    },
    "@codemirror/lang-javascript@6.2.3": {
      "integrity": "sha512-8PR3vIWg7pSu7ur8A07pGiYHgy3hHj+mRYRCSG8q+mPIrl0F02rgpGv+DsQTHRTc30rydOsf5PZ7yjKFg2Ackw==",
      "dependencies": [
        "@codemirror/autocomplete",
        "@codemirror/language",
        "@codemirror/lint",
        "@codemirror/state",
        "@codemirror/view",
        "@lezer/common",
        "@lezer/javascript"
      ]
    },
    "@codemirror/lang-javascript@6.2.4": {
      "integrity": "sha512-0WVmhp1QOqZ4Rt6GlVGwKJN3KW7Xh4H2q8ZZNGZaP6lRdxXJzmjm4FqvmOojVj6khWJHIb9sp7U/72W7xQgqAA==",
      "dependencies": [
        "@codemirror/autocomplete",
        "@codemirror/language",
        "@codemirror/lint",
        "@codemirror/state",
        "@codemirror/view",
        "@lezer/common",
        "@lezer/javascript"
      ]
    },
    "@codemirror/lang-json@6.0.2": {
      "integrity": "sha512-x2OtO+AvwEHrEwR0FyyPtfDUiloG3rnVTSZV1W8UteaLL8/MajQd8DpvUb2YVzC+/T18aSDv0H9mu+xw0EStoQ==",
      "dependencies": [
        "@codemirror/language",
        "@lezer/json"
      ]
    },
    "@codemirror/lang-lezer@6.0.2": {
      "integrity": "sha512-mcVAf8lw+sCfSlr2ivMqV8JtNmOQjSXdA1vHKRtoW0OZsz1k6qhF+DX0K2TbWlAThqiGgRkRSZyYzIoEtKB2uQ==",
      "dependencies": [
        "@codemirror/language",
        "@codemirror/state",
        "@lezer/common",
        "@lezer/lezer"
      ]
    },
    "@codemirror/lang-markdown@6.3.3": {
      "integrity": "sha512-1fn1hQAPWlSSMCvnF810AkhWpNLkJpl66CRfIy3vVl20Sl4NwChkorCHqpMtNbXr1EuMJsrDnhEpjZxKZ2UX3A==",
      "dependencies": [
        "@codemirror/autocomplete",
        "@codemirror/lang-html",
        "@codemirror/language",
        "@codemirror/state",
        "@codemirror/view",
        "@lezer/common",
        "@lezer/markdown"
      ]
    },
    "@codemirror/lang-php@6.0.2": {
      "integrity": "sha512-ZKy2v1n8Fc8oEXj0Th0PUMXzQJ0AIR6TaZU+PbDHExFwdu+guzOA4jmCHS1Nz4vbFezwD7LyBdDnddSJeScMCA==",
      "dependencies": [
        "@codemirror/lang-html",
        "@codemirror/language",
        "@codemirror/state",
        "@lezer/common",
        "@lezer/php"
      ]
    },
    "@codemirror/lang-python@6.2.1": {
      "integrity": "sha512-IRjC8RUBhn9mGR9ywecNhB51yePWCGgvHfY1lWN/Mrp3cKuHr0isDKia+9HnvhiWNnMpbGhWrkhuWOc09exRyw==",
      "dependencies": [
        "@codemirror/autocomplete",
        "@codemirror/language",
        "@codemirror/state",
        "@lezer/common",
        "@lezer/python"
      ]
    },
    "@codemirror/lang-rust@6.0.2": {
      "integrity": "sha512-EZaGjCUegtiU7kSMvOfEZpaCReowEf3yNidYu7+vfuGTm9ow4mthAparY5hisJqOHmJowVH3Upu+eJlUji6qqA==",
      "dependencies": [
        "@codemirror/language",
        "@lezer/rust"
      ]
    },
    "@codemirror/lang-sql@6.9.0": {
      "integrity": "sha512-xmtpWqKSgum1B1J3Ro6rf7nuPqf2+kJQg5SjrofCAcyCThOe0ihSktSoXfXuhQBnwx1QbmreBbLJM5Jru6zitg==",
      "dependencies": [
        "@codemirror/autocomplete",
        "@codemirror/language",
        "@codemirror/state",
        "@lezer/common",
        "@lezer/highlight",
        "@lezer/lr"
      ]
    },
    "@codemirror/lang-wast@6.0.2": {
      "integrity": "sha512-Imi2KTpVGm7TKuUkqyJ5NRmeFWF7aMpNiwHnLQe0x9kmrxElndyH0K6H/gXtWwY6UshMRAhpENsgfpSwsgmC6Q==",
      "dependencies": [
        "@codemirror/language",
        "@lezer/common",
        "@lezer/highlight",
        "@lezer/lr"
      ]
    },
    "@codemirror/lang-xml@6.1.0": {
      "integrity": "sha512-3z0blhicHLfwi2UgkZYRPioSgVTo9PV5GP5ducFH6FaHy0IAJRg+ixj5gTR1gnT/glAIC8xv4w2VL1LoZfs+Jg==",
      "dependencies": [
        "@codemirror/autocomplete",
        "@codemirror/language",
        "@codemirror/state",
        "@codemirror/view",
        "@lezer/common",
        "@lezer/xml"
      ]
    },
    "@codemirror/language@6.11.0": {
      "integrity": "sha512-A7+f++LodNNc1wGgoRDTt78cOwWm9KVezApgjOMp1W4hM0898nsqBXwF+sbePE7ZRcjN7Sa1Z5m2oN27XkmEjQ==",
      "dependencies": [
        "@codemirror/state",
        "@codemirror/view",
        "@lezer/common",
        "@lezer/highlight",
        "@lezer/lr",
        "style-mod"
      ]
    },
    "@codemirror/legacy-modes@6.5.0": {
      "integrity": "sha512-dNw5pwTqtR1giYjaJyEajunLqxGavZqV0XRtVZyMJnNOD2HmK9DMUmuCAr6RMFGRJ4l8OeQDjpI/us+R09mQsw==",
      "dependencies": [
        "@codemirror/language"
      ]
    },
    "@codemirror/lint@6.8.5": {
      "integrity": "sha512-s3n3KisH7dx3vsoeGMxsbRAgKe4O1vbrnKBClm99PU0fWxmxsx5rR2PfqQgIt+2MMJBHbiJ5rfIdLYfB9NNvsA==",
      "dependencies": [
        "@codemirror/state",
        "@codemirror/view",
        "crelt"
      ]
    },
    "@codemirror/search@6.5.10": {
      "integrity": "sha512-RMdPdmsrUf53pb2VwflKGHEe1XVM07hI7vV2ntgw1dmqhimpatSJKva4VA9h4TLUDOD4EIF02201oZurpnEFsg==",
      "dependencies": [
        "@codemirror/state",
        "@codemirror/view",
        "crelt"
      ]
    },
    "@codemirror/state@6.5.2": {
      "integrity": "sha512-FVqsPqtPWKVVL3dPSxy8wEF/ymIEuVzF1PK3VbUgrxXpJUSHQWWZz4JMToquRxnkw+36LTamCZG2iua2Ptq0fA==",
      "dependencies": [
        "@marijn/find-cluster-break"
      ]
    },
    "@codemirror/view@6.38.1": {
      "integrity": "sha512-RmTOkE7hRU3OVREqFVITWHz6ocgBjv08GoePscAakgVQfciA3SGCEk7mb9IzwW61cKKmlTpHXG6DUE5Ubx+MGQ==",
      "dependencies": [
        "@codemirror/state",
        "crelt",
        "style-mod",
        "w3c-keyname"
      ]
    },
    "@lezer/common@1.2.3": {
      "integrity": "sha512-w7ojc8ejBqr2REPsWxJjrMFsA/ysDCFICn8zEOR9mrqzOu2amhITYuLD8ag6XZf0CFXDrhKqw7+tW8cX66NaDA=="
    },
    "@lezer/cpp@1.1.3": {
      "integrity": "sha512-ykYvuFQKGsRi6IcE+/hCSGUhb/I4WPjd3ELhEblm2wS2cOznDFzO+ubK2c+ioysOnlZ3EduV+MVQFCPzAIoY3w==",
      "dependencies": [
        "@lezer/common",
        "@lezer/highlight",
        "@lezer/lr"
      ]
    },
    "@lezer/css@1.3.0": {
      "integrity": "sha512-pBL7hup88KbI7hXnZV3PQsn43DHy6TWyzuyk2AO9UyoXcDltvIdqWKE1dLL/45JVZ+YZkHe1WVHqO6wugZZWcw==",
      "dependencies": [
        "@lezer/common",
        "@lezer/highlight",
        "@lezer/lr"
      ]
    },
    "@lezer/highlight@1.2.1": {
      "integrity": "sha512-Z5duk4RN/3zuVO7Jq0pGLJ3qynpxUVsh7IbUbGj88+uV2ApSAn6kWg2au3iJb+0Zi7kKtqffIESgNcRXWZWmSA==",
      "dependencies": [
        "@lezer/common"
      ]
    },
    "@lezer/html@1.3.10": {
      "integrity": "sha512-dqpT8nISx/p9Do3AchvYGV3qYc4/rKr3IBZxlHmpIKam56P47RSHkSF5f13Vu9hebS1jM0HmtJIwLbWz1VIY6w==",
      "dependencies": [
        "@lezer/common",
        "@lezer/highlight",
        "@lezer/lr"
      ]
    },
    "@lezer/java@1.1.3": {
      "integrity": "sha512-yHquUfujwg6Yu4Fd1GNHCvidIvJwi/1Xu2DaKl/pfWIA2c1oXkVvawH3NyXhCaFx4OdlYBVX5wvz2f7Aoa/4Xw==",
      "dependencies": [
        "@lezer/common",
        "@lezer/highlight",
        "@lezer/lr"
      ]
    },
    "@lezer/javascript@1.5.1": {
      "integrity": "sha512-ATOImjeVJuvgm3JQ/bpo2Tmv55HSScE2MTPnKRMRIPx2cLhHGyX2VnqpHhtIV1tVzIjZDbcWQm+NCTF40ggZVw==",
      "dependencies": [
        "@lezer/common",
        "@lezer/highlight",
        "@lezer/lr"
      ]
    },
    "@lezer/json@1.0.3": {
      "integrity": "sha512-BP9KzdF9Y35PDpv04r0VeSTKDeox5vVr3efE7eBbx3r4s3oNLfunchejZhjArmeieBH+nVOpgIiBJpEAv8ilqQ==",
      "dependencies": [
        "@lezer/common",
        "@lezer/highlight",
        "@lezer/lr"
      ]
    },
    "@lezer/lezer@1.1.2": {
      "integrity": "sha512-O8yw3CxPhzYHB1hvwbdozjnAslhhR8A5BH7vfEMof0xk3p+/DFDfZkA9Tde6J+88WgtwaHy4Sy6ThZSkaI0Evw==",
      "dependencies": [
        "@lezer/highlight",
        "@lezer/lr"
      ]
    },
    "@lezer/lr@1.4.2": {
      "integrity": "sha512-pu0K1jCIdnQ12aWNaAVU5bzi7Bd1w54J3ECgANPmYLtQKP0HBj2cE/5coBD66MT10xbtIuUr7tg0Shbsvk0mDA==",
      "dependencies": [
        "@lezer/common"
      ]
    },
    "@lezer/markdown@1.4.3": {
      "integrity": "sha512-kfw+2uMrQ/wy/+ONfrH83OkdFNM0ye5Xq96cLlaCy7h5UT9FO54DU4oRoIc0CSBh5NWmWuiIJA7NGLMJbQ+Oxg==",
      "dependencies": [
        "@lezer/common",
        "@lezer/highlight"
      ]
    },
    "@lezer/php@1.0.3": {
      "integrity": "sha512-NDwgktd5qh/EfEn7Dogf2N6eNnC5WPJ5NslB8nKhgXSuH2uSJamCEom1g4VGo+ibfoADK8D69NMCMhuuYbVskg==",
      "dependencies": [
        "@lezer/common",
        "@lezer/highlight",
        "@lezer/lr"
      ]
    },
    "@lezer/python@1.1.18": {
      "integrity": "sha512-31FiUrU7z9+d/ElGQLJFXl+dKOdx0jALlP3KEOsGTex8mvj+SoE1FgItcHWK/axkxCHGUSpqIHt6JAWfWu9Rhg==",
      "dependencies": [
        "@lezer/common",
        "@lezer/highlight",
        "@lezer/lr"
      ]
    },
    "@lezer/rust@1.0.2": {
      "integrity": "sha512-Lz5sIPBdF2FUXcWeCu1//ojFAZqzTQNRga0aYv6dYXqJqPfMdCAI0NzajWUd4Xijj1IKJLtjoXRPMvTKWBcqKg==",
      "dependencies": [
        "@lezer/common",
        "@lezer/highlight",
        "@lezer/lr"
      ]
    },
    "@lezer/xml@1.0.6": {
      "integrity": "sha512-CdDwirL0OEaStFue/66ZmFSeppuL6Dwjlk8qk153mSQwiSH/Dlri4GNymrNWnUmPl2Um7QfV1FO9KFUyX3Twww==",
      "dependencies": [
        "@lezer/common",
        "@lezer/highlight",
        "@lezer/lr"
      ]
    },
    "@marijn/find-cluster-break@1.0.2": {
      "integrity": "sha512-l0h88YhZFyKdXIFNfSWpyjStDjGHwZ/U7iobcK1cQQD8sejsONdQtTVU+1wVN1PBw40PiiHB1vA5S7VTfQiP9g=="
    },
    "abstract-leveldown@6.2.3": {
      "integrity": "sha512-BsLm5vFMRUrrLeCcRc+G0t2qOaTzpoJQLOubq2XM72eNpjF5UdU5o/5NvlNhx95XHcAvcl8OMXr4mlg/fRgUXQ==",
      "dependencies": [
        "buffer",
        "immediate",
        "level-concat-iterator",
        "level-supports",
        "xtend"
      ],
      "deprecated": true
    },
    "argparse@2.0.1": {
      "integrity": "sha512-8+9WqebbFzpX9OR+Wa6O29asIogeRMzcGtAINdpMHHyAg10f05aSFVBbcEqGf/PXw1EjAZ+q2/bEBg3DvurK3Q=="
    },
    "async-limiter@1.0.1": {
      "integrity": "sha512-csOlWGAcRFJaI6m+F2WKdnMKr4HhdhFVBk0H/QbJFMCr+uO2kwohwXQPxw/9OCxp05r5ghVBFSyioixx3gfkNQ=="
    },
    "base64-js@1.5.1": {
      "integrity": "sha512-AKpaYlHn8t4SVbOHCy+b5+KKgvR4vrsD8vbvrbiQJps7fKDTkjkDry6ji0rUJjC0kzbNePLwzxq8iypo41qeWA=="
    },
    "buffer@5.7.1": {
      "integrity": "sha512-EHcyIPBQ4BSGlvjB16k5KgAJ27CIsHY/2JBmCRReo48y9rQ3MaUzWX3KVlBa4U7MyX02HdVj0K7C3WaB3ju7FQ==",
      "dependencies": [
        "base64-js",
        "ieee754"
      ]
    },
    "crelt@1.0.6": {
      "integrity": "sha512-VQ2MBenTq1fWZUH9DJNGti7kKv6EeAuYr3cLwxUWhIu1baTaXh4Ib5W2CqHVqib4/MqbYGJqiL3Zb8GJZr3l4g=="
    },
    "deferred-leveldown@5.3.0": {
      "integrity": "sha512-a59VOT+oDy7vtAbLRCZwWgxu2BaCfd5Hk7wxJd48ei7I+nsg8Orlb9CLG0PMZienk9BSUKgeAqkO2+Lw+1+Ukw==",
      "dependencies": [
        "abstract-leveldown",
        "inherits"
      ],
      "deprecated": true
    },
    "encoding-down@6.3.0": {
      "integrity": "sha512-QKrV0iKR6MZVJV08QY0wp1e7vF6QbhnbQhb07bwpEyuz4uZiZgPlEGdkCROuFkUwdxlFaiPIhjyarH1ee/3vhw==",
      "dependencies": [
        "abstract-leveldown",
        "inherits",
        "level-codec",
        "level-errors"
      ],
      "deprecated": true
    },
    "entities@4.5.0": {
      "integrity": "sha512-V0hjH4dGPh9Ao5p0MoRY6BVqtwCjhz6vI5LT8AJ55H+4g9/4vbHx1I54fS0XuclLhDHArPQCiMjDxjaL8fPxhw=="
    },
    "errno@0.1.8": {
      "integrity": "sha512-dJ6oBr5SQ1VSd9qkk7ByRgb/1SH4JZjCHSW/mr63/QcXO9zLVxvJ6Oy13nio03rxpSnVDDjFor75SjVeZWPW/A==",
      "dependencies": [
        "prr"
      ],
      "bin": true
    },
    "ieee754@1.2.1": {
      "integrity": "sha512-dcyqhDvX1C46lXZcVqCpK+FtMRQVdIMN6/Df5js2zouUsqG7I6sFxitIC+7KYK29KdXOLHdu9zL4sFnoVQnqaA=="
    },
    "immediate@3.3.0": {
      "integrity": "sha512-HR7EVodfFUdQCTIeySw+WDRFJlPcLOJbXfwwZ7Oom6tjsvZ3bOkCDJHehQC3nxJrv7+f9XecwazynjU8e4Vw3Q=="
    },
    "inherits@2.0.4": {
      "integrity": "sha512-k/vGaX4/Yla3WzyMCvTQOXYeIHvqOKtnqBduzTHpzpQZzAskKMhZ2K+EnBiSM9zGSoIFeMpXKxa4dYeZIQqewQ=="
    },
    "isomorphic.js@0.2.5": {
      "integrity": "sha512-PIeMbHqMt4DnUP3MA/Flc0HElYjMXArsw1qwJZcm9sqR8mq3l8NYizFMty0pWwE/tzIGH3EKK5+jes5mAr85yw=="
    },
    "level-codec@9.0.2": {
      "integrity": "sha512-UyIwNb1lJBChJnGfjmO0OR+ezh2iVu1Kas3nvBS/BzGnx79dv6g7unpKIDNPMhfdTEGoc7mC8uAu51XEtX+FHQ==",
      "dependencies": [
        "buffer"
      ],
      "deprecated": true
    },
    "level-concat-iterator@2.0.1": {
      "integrity": "sha512-OTKKOqeav2QWcERMJR7IS9CUo1sHnke2C0gkSmcR7QuEtFNLLzHQAvnMw8ykvEcv0Qtkg0p7FOwP1v9e5Smdcw==",
      "deprecated": true
    },
    "level-errors@2.0.1": {
      "integrity": "sha512-UVprBJXite4gPS+3VznfgDSU8PTRuVX0NXwoWW50KLxd2yw4Y1t2JUR5In1itQnudZqRMT9DlAM3Q//9NCjCFw==",
      "dependencies": [
        "errno"
      ],
      "deprecated": true
    },
    "level-iterator-stream@4.0.2": {
      "integrity": "sha512-ZSthfEqzGSOMWoUGhTXdX9jv26d32XJuHz/5YnuHZzH6wldfWMOVwI9TBtKcya4BKTyTt3XVA0A3cF3q5CY30Q==",
      "dependencies": [
        "inherits",
        "readable-stream",
        "xtend"
      ]
    },
    "level-js@5.0.2": {
      "integrity": "sha512-SnBIDo2pdO5VXh02ZmtAyPP6/+6YTJg2ibLtl9C34pWvmtMEmRTWpra+qO/hifkUtBTOtfx6S9vLDjBsBK4gRg==",
      "dependencies": [
        "abstract-leveldown",
        "buffer",
        "inherits",
        "ltgt"
      ],
      "deprecated": true
    },
    "level-packager@5.1.1": {
      "integrity": "sha512-HMwMaQPlTC1IlcwT3+swhqf/NUO+ZhXVz6TY1zZIIZlIR0YSn8GtAAWmIvKjNY16ZkEg/JcpAuQskxsXqC0yOQ==",
      "dependencies": [
        "encoding-down",
        "levelup"
      ],
      "deprecated": true
    },
    "level-supports@1.0.1": {
      "integrity": "sha512-rXM7GYnW8gsl1vedTJIbzOrRv85c/2uCMpiiCzO2fndd06U/kUXEEU9evYn4zFggBOg36IsBW8LzqIpETwwQzg==",
      "dependencies": [
        "xtend"
      ]
    },
    "level@6.0.1": {
      "integrity": "sha512-psRSqJZCsC/irNhfHzrVZbmPYXDcEYhA5TVNwr+V92jF44rbf86hqGp8fiT702FyiArScYIlPSBTDUASCVNSpw==",
      "dependencies": [
        "level-js",
        "level-packager",
        "leveldown"
      ]
    },
    "leveldown@5.6.0": {
      "integrity": "sha512-iB8O/7Db9lPaITU1aA2txU/cBEXAt4vWwKQRrrWuS6XDgbP4QZGj9BL2aNbwb002atoQ/lIotJkfyzz+ygQnUQ==",
      "dependencies": [
        "abstract-leveldown",
        "napi-macros",
        "node-gyp-build"
      ],
      "deprecated": true,
      "scripts": true
    },
    "levelup@4.4.0": {
      "integrity": "sha512-94++VFO3qN95cM/d6eBXvd894oJE0w3cInq9USsyQzzoJxmiYzPAocNcuGCPGGjoXqDVJcr3C1jzt1TSjyaiLQ==",
      "dependencies": [
        "deferred-leveldown",
        "level-errors",
        "level-iterator-stream",
        "level-supports",
        "xtend"
      ],
      "deprecated": true
    },
    "lib0@0.2.109": {
      "integrity": "sha512-jP0gbnyW0kwlx1Atc4dcHkBbrVAkdHjuyHxtClUPYla7qCmwIif1qZ6vQeJdR5FrOVdn26HvQT0ko01rgW7/Xw==",
      "dependencies": [
        "isomorphic.js"
      ],
      "bin": true
    },
    "linkify-it@5.0.0": {
      "integrity": "sha512-5aHCbzQRADcdP+ATqnDuhhJ/MRIqDkZX5pyjFHRRysS8vZ5AbqGEoFIb6pYHPZ+L/OC2Lc+xT8uHVVR5CAK/wQ==",
      "dependencies": [
        "uc.micro"
      ]
    },
    "lodash.debounce@4.0.8": {
      "integrity": "sha512-FT1yDzDYEoYWhnSGnpE/4Kj1fLZkDFyqRb7fNt6FdYOSxlUWAtp42Eh6Wb0rGIv/m9Bgo7x4GhQbm5Ys4SG5ow=="
    },
    "ltgt@2.2.1": {
      "integrity": "sha512-AI2r85+4MquTw9ZYqabu4nMwy9Oftlfa/e/52t9IjtfG+mGBbTNdAoZ3RQKLHR6r0wQnwZnPIEh/Ya6XTWAKNA=="
    },
    "markdown-it@14.1.0": {
      "integrity": "sha512-a54IwgWPaeBCAAsv13YgmALOF1elABB08FxO9i+r4VFk5Vl4pKokRPeX8u5TCgSsPi6ec1otfLjdOpVcgbpshg==",
      "dependencies": [
        "argparse",
        "entities",
        "linkify-it",
        "mdurl",
        "punycode.js",
        "uc.micro"
      ],
      "bin": true
    },
    "mdurl@2.0.0": {
      "integrity": "sha512-Lf+9+2r+Tdp5wXDXC4PcIBjTDtq4UKjCPMQhKIuzpJNW0b96kVqSwW0bT7FhRSfmAiFYgP+SCRvdrDozfh0U5w=="
    },
    "napi-macros@2.0.0": {
      "integrity": "sha512-A0xLykHtARfueITVDernsAWdtIMbOJgKgcluwENp3AlsKN/PloyO10HtmoqnFAQAcxPkgZN7wdfPfEd0zNGxbg=="
    },
    "node-gyp-build@4.1.1": {
      "integrity": "sha512-dSq1xmcPDKPZ2EED2S6zw/b9NKsqzXRE6dVr8TVQnI3FJOTteUMuqF3Qqs6LZg+mLGYJWqQzMbIjMtJqTv87nQ==",
      "bin": true
    },
    "orderedmap@2.1.1": {
      "integrity": "sha512-TvAWxi0nDe1j/rtMcWcIj94+Ffe6n7zhow33h40SKxmsmozs6dz/e+EajymfoFcHd7sxNn8yHM8839uixMOV6g=="
    },
    "prosemirror-model@1.25.1": {
      "integrity": "sha512-AUvbm7qqmpZa5d9fPKMvH1Q5bqYQvAZWOGRvxsB6iFLyycvC9MwNemNVjHVrWgjaoxAfY8XVg7DbvQ/qxvI9Eg==",
      "dependencies": [
        "orderedmap"
      ]
    },
    "prosemirror-model@1.25.2": {
      "integrity": "sha512-BVypCAJ4SL6jOiTsDffP3Wp6wD69lRhI4zg/iT8JXjp3ccZFiq5WyguxvMKmdKFC3prhaig7wSr8dneDToHE1Q==",
      "dependencies": [
        "orderedmap"
      ]
    },
    "prosemirror-state@1.4.3": {
      "integrity": "sha512-goFKORVbvPuAQaXhpbemJFRKJ2aixr+AZMGiquiqKxaucC6hlpHNZHWgz5R7dS4roHiwq9vDctE//CZ++o0W1Q==",
      "dependencies": [
        "prosemirror-model@1.25.2",
        "prosemirror-transform",
        "prosemirror-view"
      ]
    },
    "prosemirror-transform@1.10.4": {
      "integrity": "sha512-pwDy22nAnGqNR1feOQKHxoFkkUtepoFAd3r2hbEDsnf4wp57kKA36hXsB3njA9FtONBEwSDnDeCiJe+ItD+ykw==",
      "dependencies": [
        "prosemirror-model@1.25.2"
      ]
    },
    "prosemirror-view@1.40.0": {
      "integrity": "sha512-2G3svX0Cr1sJjkD/DYWSe3cfV5VPVTBOxI9XQEGWJDFEpsZb/gh4MV29ctv+OJx2RFX4BLt09i+6zaGM/ldkCw==",
      "dependencies": [
        "prosemirror-model@1.25.2",
        "prosemirror-state",
        "prosemirror-transform"
      ]
    },
    "prr@1.0.1": {
      "integrity": "sha512-yPw4Sng1gWghHQWj0B3ZggWUm4qVbPwPFcRG8KyxiU7J2OHFSoEHKS+EZ3fv5l1t9CyCiop6l/ZYeWbrgoQejw=="
    },
    "punycode.js@2.3.1": {
      "integrity": "sha512-uxFIHU0YlHYhDQtV4R9J6a52SLx28BCjT+4ieh7IGbgwVJWO+km431c4yRlREUAsAmt/uMjQUyQHNEPf0M39CA=="
    },
    "readable-stream@3.6.2": {
      "integrity": "sha512-9u/sniCrY3D5WdsERHzHE4G2YCXqoG5FTHUiCC4SIbr6XcLZBY05ya9EKjYek9O5xOAwjGq+1JdGBAS7Q9ScoA==",
      "dependencies": [
        "inherits",
        "string_decoder",
        "util-deprecate"
      ]
    },
    "safe-buffer@5.2.1": {
      "integrity": "sha512-rp3So07KcdmmKbGvgaNxQSJr7bGVSVk5S9Eq1F+ppbRo70+YeaDxkw5Dd8NPN+GD6bjnYm2VuPuCXmpuYvmCXQ=="
    },
    "string_decoder@1.3.0": {
      "integrity": "sha512-hkRX8U1WjJFd8LsDJ2yQ/wWWxaopEsABU1XfkM8A+j0+85JAGppt16cr1Whg6KIbb4okU6Mql6BOj+uup/wKeA==",
      "dependencies": [
        "safe-buffer"
      ]
    },
    "style-mod@4.1.2": {
      "integrity": "sha512-wnD1HyVqpJUI2+eKZ+eo1UwghftP6yuFheBqqe+bWCotBjC2K1YnteJILRMs3SM4V/0dLEW1SC27MWP5y+mwmw=="
    },
    "thememirror@2.0.1_@codemirror+language@6.11.0_@codemirror+state@6.5.2_@codemirror+view@6.38.1": {
      "integrity": "sha512-d5i6FVvWWPkwrm4cHLI3t9AT1OrkAt7Ig8dtdYSofgF7C/eiyNuq6zQzSTusWTde3jpW9WLvA9J/fzNKMUsd0w==",
      "dependencies": [
        "@codemirror/language",
        "@codemirror/state",
        "@codemirror/view"
      ]
    },
    "uc.micro@2.1.0": {
      "integrity": "sha512-ARDJmphmdvUk6Glw7y9DQ2bFkKBHwQHLi2lsaH6PPmz/Ka9sFOBsBluozhDltWmnv9u/cF6Rt87znRTPV+yp/A=="
    },
    "util-deprecate@1.0.2": {
      "integrity": "sha512-EPD5q1uXyFxJpCrLnCc1nHnq3gOa6DZBocAIiI2TaSCA7VCJ1UJDMagCzIkXNsUYfD1daK//LTEQ8xiIbrHtcw=="
    },
    "w3c-keyname@2.2.8": {
      "integrity": "sha512-dpojBhNsCNN7T82Tm7k26A6G9ML3NkhDsnw9n/eoxSRlVBB4CEtIQ/KTCLI2Fwf3ataSXRhYFkQi3SlnFwPvPQ=="
    },
    "ws@6.2.3": {
      "integrity": "sha512-jmTjYU0j60B+vHey6TfR3Z7RD61z/hmxBS3VMSGIrroOWXQEneK1zNuotOUrGyBHQj0yrpsLHPWtigEFd13ndA==",
      "dependencies": [
        "async-limiter"
      ]
    },
    "xtend@4.0.2": {
      "integrity": "sha512-LKYU1iAXJXUgAXn9URjiu+MWhyUXHsvfp7mcuYm9dSUKK0/CjtrUwFAxD82/mCWbtLsGjFIad0wIsod4zrTAEQ=="
    },
    "y-leveldb@0.1.2_yjs@13.6.24": {
      "integrity": "sha512-6ulEn5AXfXJYi89rXPEg2mMHAyyw8+ZfeMMdOtBbV8FJpQ1NOrcgi6DTAcXof0dap84NjHPT2+9d0rb6cFsjEg==",
      "dependencies": [
        "level",
        "lib0",
        "yjs"
      ]
    },
    "y-protocols@1.0.6_yjs@13.6.24": {
      "integrity": "sha512-vHRF2L6iT3rwj1jub/K5tYcTT/mEYDUppgNPXwp8fmLpui9f7Yeq3OEtTLVF012j39QnV+KEQpNqoN7CWU7Y9Q==",
      "dependencies": [
        "lib0",
        "yjs"
      ]
    },
    "y-websocket@2.1.0_yjs@13.6.24": {
      "integrity": "sha512-WHYDRqomaGkkaujtowCDwL8KYk+t1zQCGIgKyvxvchhjTQlMgWXRHJK+FDEcWmHA7I7o/4fy0eniOrtmz0e4mA==",
      "dependencies": [
        "lib0",
        "lodash.debounce",
        "y-protocols",
        "yjs"
      ],
      "optionalDependencies": [
        "ws",
        "y-leveldb"
      ],
      "bin": true
    },
    "yjs@13.6.24": {
      "integrity": "sha512-xn/pYLTZa3uD1uDG8lpxfLRo5SR/rp0frdASOl2a71aYNvUXdWcLtVL91s2y7j+Q8ppmjZ9H3jsGVgoFMbT2VA==",
      "dependencies": [
        "lib0"
      ]
    }
  },
  "workspace": {
    "dependencies": [
      "jsr:@deno/dnt@~0.42.1",
      "jsr:@std/assert@1",
      "jsr:@std/fs@^1.0.16",
      "npm:@codemirror/autocomplete@6.18.6",
      "npm:@codemirror/commands@6.8.1",
      "npm:@codemirror/lang-cpp@latest",
      "npm:@codemirror/lang-css@latest",
      "npm:@codemirror/lang-html@latest",
      "npm:@codemirror/lang-java@latest",
      "npm:@codemirror/lang-javascript@6.2.3",
      "npm:@codemirror/lang-json@latest",
      "npm:@codemirror/lang-lezer@latest",
      "npm:@codemirror/lang-markdown@latest",
      "npm:@codemirror/lang-php@latest",
      "npm:@codemirror/lang-python@latest",
      "npm:@codemirror/lang-rust@latest",
      "npm:@codemirror/lang-sql@latest",
      "npm:@codemirror/lang-wast@latest",
      "npm:@codemirror/lang-xml@latest",
      "npm:@codemirror/language@6.11.0",
      "npm:@codemirror/legacy-modes@6.5.0",
      "npm:@codemirror/search@6.5.10",
      "npm:@codemirror/state@6.5.2",
      "npm:@codemirror/view@6.38.1",
      "npm:lib0@0.2.109",
      "npm:markdown-it@14.1.0",
      "npm:orderedmap@latest",
      "npm:prosemirror-history@1.4.1",
      "npm:prosemirror-model@1.25.1",
      "npm:prosemirror-state@1.4.3",
      "npm:prosemirror-transform@1.10.4",
      "npm:prosemirror-view@1.40.0",
      "npm:thememirror@2.0.1",
      "npm:y-protocols@1.0.6",
      "npm:y-websocket@2.1.0",
      "npm:yjs@13.6.24"
    ],
    "members": {
      "examples/example-server-hono": {
        "dependencies": [
          "jsr:@hono/hono@^4.7.4",
          "jsr:@std/assert@1"
        ]
      },
      "examples/example-vue": {
        "dependencies": [
          "npm:@vitejs/plugin-vue@6.0.0",
          "npm:@vue/devtools-api@7.7.7",
          "npm:vite-plugin-wasm@3.5.0",
          "npm:vite@7.0.4",
          "npm:vue-router@4.5.1",
          "npm:vue@3.5.17"
        ]
      }
    }
  }
}
